{
  "requires": true,
  "lockfileVersion": 1,
  "dependencies": {
    "@babylonjs/core": {
      "version": "4.1.0",
      "resolved": "https://registry.npmjs.org/@babylonjs/core/-/core-4.1.0.tgz",
      "integrity": "sha512-4pEKPEu14qRdqH5qatfmns/iHFHmujDI22SXkHIlJhTT0WgJH4I8IN1fPw9sU6jSCH2ul76Lpbi2zREvfrEDQA==",
      "dev": true,
      "requires": {
        "tslib": "^1.10.0"
      }
    },
    "tslib": {
      "version": "1.13.0",
      "resolved": "https://registry.npmjs.org/tslib/-/tslib-1.13.0.tgz",
      "integrity": "sha512-i/6DQjL8Xf3be4K/E6Wgpekn5Qasl1usyw++dAA35Ue5orEn65VIxOA+YvNNl9HV3qv70T7CNwjODHZrLwvd1Q==",
      "dev": true
    }
  }
}
